<?xml version="1.0" encoding="utf-8"?>
<Project ToolsVersion="4.0" xmlns="http://schemas.microsoft.com/developer/msbuild/2003">
  <ItemGroup>
    <Filter Include="源文件">
      <UniqueIdentifier>{4FC737F1-C7A5-4376-A066-2A32D752A2FF}</UniqueIdentifier>
      <Extensions>cpp;c;cc;cxx;c++;cppm;ixx;def;odl;idl;hpj;bat;asm;asmx</Extensions>
    </Filter>
    <Filter Include="头文件">
      <UniqueIdentifier>{93995380-89BD-4b04-88EB-625FBE52EBFB}</UniqueIdentifier>
      <Extensions>h;hh;hpp;hxx;h++;hm;inl;inc;ipp;xsd</Extensions>
    </Filter>
    <Filter Include="资源文件">
      <UniqueIdentifier>{67DA6AB6-F800-4c08-8B7A-83BB121AAD01}</UniqueIdentifier>
      <Extensions>rc;ico;cur;bmp;dlg;rc2;rct;bin;rgs;gif;jpg;jpeg;jpe;resx;tiff;tif;png;wav;mfcribbon-ms</Extensions>
    </Filter>
    <Filter Include="头文件\scene">
      <UniqueIdentifier>{3fe98395-9261-40e1-8220-2ce81ef51e18}</UniqueIdentifier>
    </Filter>
    <Filter Include="头文件\player">
      <UniqueIdentifier>{ae33de00-7378-4c9f-a324-0b8aefdef337}</UniqueIdentifier>
    </Filter>
    <Filter Include="头文件\bullet">
      <UniqueIdentifier>{eb9dbd9f-76b0-424e-bbe4-9134b09093fe}</UniqueIdentifier>
    </Filter>
    <Filter Include="头文件\buff_icon">
      <UniqueIdentifier>{e1ebe2fe-b085-4b0f-bf54-56dcf4714a92}</UniqueIdentifier>
    </Filter>
  </ItemGroup>
  <ItemGroup>
    <ClCompile Include="zhiwumingxingdaluandou.cpp">
      <Filter>源文件</Filter>
    </ClCompile>
  </ItemGroup>
  <ItemGroup>
    <ClInclude Include="game_scene.h">
      <Filter>头文件\scene</Filter>
    </ClInclude>
    <ClInclude Include="menu_scene.h">
      <Filter>头文件\scene</Filter>
    </ClInclude>
    <ClInclude Include="scene.h">
      <Filter>头文件\scene</Filter>
    </ClInclude>
    <ClInclude Include="selector_scene.h">
      <Filter>头文件\scene</Filter>
    </ClInclude>
    <ClInclude Include="scene_manager.h">
      <Filter>头文件</Filter>
    </ClInclude>
    <ClInclude Include="atlas.h">
      <Filter>头文件</Filter>
    </ClInclude>
    <ClInclude Include="util.h">
      <Filter>头文件</Filter>
    </ClInclude>
    <ClInclude Include="animation.h">
      <Filter>头文件</Filter>
    </ClInclude>
    <ClInclude Include="vector2.h">
      <Filter>头文件</Filter>
    </ClInclude>
    <ClInclude Include="camera.h">
      <Filter>头文件</Filter>
    </ClInclude>
    <ClInclude Include="timer.h">
      <Filter>头文件</Filter>
    </ClInclude>
    <ClInclude Include="platform.h">
      <Filter>头文件</Filter>
    </ClInclude>
    <ClInclude Include="peashooter_player.h">
      <Filter>头文件\player</Filter>
    </ClInclude>
    <ClInclude Include="player.h">
      <Filter>头文件\player</Filter>
    </ClInclude>
    <ClInclude Include="sunflower_player.h">
      <Filter>头文件\player</Filter>
    </ClInclude>
    <ClInclude Include="player_id.h">
      <Filter>头文件\player</Filter>
    </ClInclude>
    <ClInclude Include="bullet.h">
      <Filter>头文件\bullet</Filter>
    </ClInclude>
    <ClInclude Include="pea_bullet.h">
      <Filter>头文件\bullet</Filter>
    </ClInclude>
    <ClInclude Include="sun_bullet.h">
      <Filter>头文件\bullet</Filter>
    </ClInclude>
    <ClInclude Include="sun_bullet_ex.h">
      <Filter>头文件\bullet</Filter>
    </ClInclude>
    <ClInclude Include="status_bar.h">
      <Filter>头文件</Filter>
    </ClInclude>
    <ClInclude Include="particle.h">
      <Filter>头文件</Filter>
    </ClInclude>
    <ClInclude Include="gloomshroom_player.h">
      <Filter>头文件\player</Filter>
    </ClInclude>
    <ClInclude Include="nut_player.h">
      <Filter>头文件\player</Filter>
    </ClInclude>
    <ClInclude Include="gloom_bullet.h">
      <Filter>头文件\bullet</Filter>
    </ClInclude>
    <ClInclude Include="gloom_bullet_ex.h">
      <Filter>头文件\bullet</Filter>
    </ClInclude>
    <ClInclude Include="buff_blue_bullet.h">
      <Filter>头文件\bullet</Filter>
    </ClInclude>
    <ClInclude Include="buff_pink_bullet.h">
      <Filter>头文件\bullet</Filter>
    </ClInclude>
    <ClInclude Include="buff_id.h">
      <Filter>头文件\bullet</Filter>
    </ClInclude>
    <ClInclude Include="buff_icon.h">
      <Filter>头文件\buff_icon</Filter>
    </ClInclude>
    <ClInclude Include="nut_bullet.h">
      <Filter>头文件\bullet</Filter>
    </ClInclude>
  </ItemGroup>
</Project>